
Microsoft Visual Studio Solution File, Format Version 12.00
# Visual Studio Version 16
VisualStudioVersion = 16.0.31019.35
MinimumVisualStudioVersion = 10.0.40219.1
Project("{FAE04EC0-301F-11D3-BF4B-00C04F79EFBC}") = "Imobiliaria.Api", "Imobiliaria.Api\Imobiliaria.Api.csproj", "{91C378DA-0EBC-4AB6-9FF2-FDA864F2AE94}"
EndProject
Project("{FAE04EC0-301F-11D3-BF4B-00C04F79EFBC}") = "Imobiliaria.DataAccess", "Imobiliaria.DataAccess\Imobiliaria.DataAccess.csproj", "{FFD5836C-7F70-415C-BEB1-F431ACCC5254}"
EndProject
Project("{FAE04EC0-301F-11D3-BF4B-00C04F79EFBC}") = "Imobiliaria.DataBase", "Imobiliaria.DataBase\Imobiliaria.DataBase.csproj", "{8E01418B-6B59-4A13-945F-8C4B53730E12}"
EndProject
Project("{FAE04EC0-301F-11D3-BF4B-00C04F79EFBC}") = "Imobiliaria.Types", "Imobiliaria.Types\Imobiliaria.Types.csproj", "{C4044C4A-6D84-46B6-80A2-E6885395037D}"
EndProject
Project("{FAE04EC0-301F-11D3-BF4B-00C04F79EFBC}") = "Imobiliaria.Utilities", "Imobiliaria.Utilities\Imobiliaria.Utilities.csproj", "{08F80573-B2D3-4F6E-99A5-C519C83BC3BA}"
EndProject
Global
	GlobalSection(SolutionConfigurationPlatforms) = preSolution
		Debug|Any CPU = Debug|Any CPU
		Release|Any CPU = Release|Any CPU
	EndGlobalSection
	GlobalSection(ProjectConfigurationPlatforms) = postSolution
		{91C378DA-0EBC-4AB6-9FF2-FDA864F2AE94}.Debug|Any CPU.ActiveCfg = Debug|Any CPU
		{91C378DA-0EBC-4AB6-9FF2-FDA864F2AE94}.Debug|Any CPU.Build.0 = Debug|Any CPU
		{91C378DA-0EBC-4AB6-9FF2-FDA864F2AE94}.Release|Any CPU.ActiveCfg = Release|Any CPU
		{91C378DA-0EBC-4AB6-9FF2-FDA864F2AE94}.Release|Any CPU.Build.0 = Release|Any CPU
		{FFD5836C-7F70-415C-BEB1-F431ACCC5254}.Debug|Any CPU.ActiveCfg = Debug|Any CPU
		{FFD5836C-7F70-415C-BEB1-F431ACCC5254}.Debug|Any CPU.Build.0 = Debug|Any CPU
		{FFD5836C-7F70-415C-BEB1-F431ACCC5254}.Release|Any CPU.ActiveCfg = Release|Any CPU
		{FFD5836C-7F70-415C-BEB1-F431ACCC5254}.Release|Any CPU.Build.0 = Release|Any CPU
		{8E01418B-6B59-4A13-945F-8C4B53730E12}.Debug|Any CPU.ActiveCfg = Debug|Any CPU
		{8E01418B-6B59-4A13-945F-8C4B53730E12}.Debug|Any CPU.Build.0 = Debug|Any CPU
		{8E01418B-6B59-4A13-945F-8C4B53730E12}.Release|Any CPU.ActiveCfg = Release|Any CPU
		{8E01418B-6B59-4A13-945F-8C4B53730E12}.Release|Any CPU.Build.0 = Release|Any CPU
		{C4044C4A-6D84-46B6-80A2-E6885395037D}.Debug|Any CPU.ActiveCfg = Debug|Any CPU
		{C4044C4A-6D84-46B6-80A2-E6885395037D}.Debug|Any CPU.Build.0 = Debug|Any CPU
		{C4044C4A-6D84-46B6-80A2-E6885395037D}.Release|Any CPU.ActiveCfg = Release|Any CPU
		{C4044C4A-6D84-46B6-80A2-E6885395037D}.Release|Any CPU.Build.0 = Release|Any CPU
		{08F80573-B2D3-4F6E-99A5-C519C83BC3BA}.Debug|Any CPU.ActiveCfg = Debug|Any CPU
		{08F80573-B2D3-4F6E-99A5-C519C83BC3BA}.Debug|Any CPU.Build.0 = Debug|Any CPU
		{08F80573-B2D3-4F6E-99A5-C519C83BC3BA}.Release|Any CPU.ActiveCfg = Release|Any CPU
		{08F80573-B2D3-4F6E-99A5-C519C83BC3BA}.Release|Any CPU.Build.0 = Release|Any CPU
	EndGlobalSection
	GlobalSection(SolutionProperties) = preSolution
		HideSolutionNode = FALSE
	EndGlobalSection
	GlobalSection(ExtensibilityGlobals) = postSolution
		SolutionGuid = {630A525A-746D-4622-9988-2D82829B1CF1}
	EndGlobalSection
EndGlobal
